
Microsoft Visual Studio Solution File, Format Version 12.00
# Visual Studio Version 16
VisualStudioVersion = 16.0.32929.386
MinimumVisualStudioVersion = 10.0.40219.1
Project("{FAE04EC0-301F-11D3-BF4B-00C04F79EFBC}") = "智能藥庫系統", "智能藥庫系統\智能藥庫系統.csproj", "{BAB61187-27DE-4337-ADF3-F84019E01A99}"
EndProject
Project("{FAE04EC0-301F-11D3-BF4B-00C04F79EFBC}") = "WindowsService", "WindowsService\WindowsService.csproj", "{5353EADD-3B45-4929-B9CA-38FE7165EE39}"
EndProject
Project("{FAE04EC0-301F-11D3-BF4B-00C04F79EFBC}") = "智能藥庫系統(VM Server)", "智能藥庫系統(VM Server)\智能藥庫系統(VM Server).csproj", "{12A660CB-A976-4768-A94B-EF4DC70E177B}"
EndProject
Project("{9A19103F-16F7-4668-BE54-9A1E7A4F7556}") = "智慧藥庫系統_WebApi", "智能藥庫系統_WebApi\智慧藥庫系統_WebApi.csproj", "{B8CFB83C-B382-449C-9A73-9BA042C7EA5C}"
EndProject
Project("{FAE04EC0-301F-11D3-BF4B-00C04F79EFBC}") = "Daily_orders_CMD", "Daily_orders_CMD\Daily_orders_CMD.csproj", "{73E22838-FF7F-4C31-98CA-A13C2294811B}"
EndProject
Project("{FAE04EC0-301F-11D3-BF4B-00C04F79EFBC}") = "drug_consumption", "drug_consumption\drug_consumption.csproj", "{20426473-0782-4134-A9A0-A5B862A616C2}"
EndProject
Project("{2150E333-8FDC-42A3-9474-1A3956D46DE8}") = "batch", "batch", "{1949A26E-75AD-48A4-9CE3-C0638550DC01}"
EndProject
Project("{FAE04EC0-301F-11D3-BF4B-00C04F79EFBC}") = "InventoryConsumptionTracker", "InventoryConsumptionTracker\InventoryConsumptionTracker.csproj", "{77723395-A78A-4A40-A3F6-0E962E67F678}"
EndProject
Project("{FAE04EC0-301F-11D3-BF4B-00C04F79EFBC}") = "RetrospectiveAccounting", "RetrospectiveAccounting\RetrospectiveAccounting.csproj", "{70250F11-3339-4151-AAF9-C11D8A98D7B1}"
EndProject
Project("{FAE04EC0-301F-11D3-BF4B-00C04F79EFBC}") = "ConsoleApp_驗收入庫過帳", "ConsoleApp_驗收入庫過帳\ConsoleApp_驗收入庫過帳.csproj", "{9EAF23CF-14B4-44B6-9174-8A3AEF89AD77}"
EndProject
Project("{FAE04EC0-301F-11D3-BF4B-00C04F79EFBC}") = "ConsoleApp_門診批次帳讀取", "ConsoleApp_門診過消耗帳\ConsoleApp_門診批次帳讀取.csproj", "{2EFD0EEE-3AC8-4647-A3A8-AE9B47AB30EF}"
EndProject
Project("{FAE04EC0-301F-11D3-BF4B-00C04F79EFBC}") = "ConsoleApp_住院批次帳讀取", "ConsoleApp_住院批次帳讀取\ConsoleApp_住院批次帳讀取.csproj", "{FCF3E2C1-05BF-42E4-9E21-8D6A7CE44330}"
EndProject
Project("{FAE04EC0-301F-11D3-BF4B-00C04F79EFBC}") = "ConsoleApp_急診批次帳讀取", "ConsoleApp_急診批次帳讀取\ConsoleApp_急診批次帳讀取.csproj", "{D7327A10-D984-4055-8996-EA6A365FB8CB}"
EndProject
Project("{FAE04EC0-301F-11D3-BF4B-00C04F79EFBC}") = "ConsoleApp_公藥批次帳讀取", "ConsoleApp_公藥批次帳讀取\ConsoleApp_公藥批次帳讀取.csproj", "{0449EC89-5E4F-4213-82B1-346F74F285E3}"
EndProject
Project("{FAE04EC0-301F-11D3-BF4B-00C04F79EFBC}") = "ConsoleApp_冷藏藥_每日自動撥補單建立", "ConsoleApp_冰箱區_每日自動撥補單建立\ConsoleApp_冷藏藥_每日自動撥補單建立.csproj", "{37B66F7A-4D0A-4432-9762-61EBB2CF19AE}"
EndProject
Project("{FAE04EC0-301F-11D3-BF4B-00C04F79EFBC}") = "ConsoleApp_分包機裸錠_每日自動撥補單建立", "ConsoleApp_分包機裸錠_每日自動撥補單建立\ConsoleApp_分包機裸錠_每日自動撥補單建立.csproj", "{3DC30E10-4E3E-4B1C-8BBA-0ABC5F0AB53D}"
EndProject
Project("{FAE04EC0-301F-11D3-BF4B-00C04F79EFBC}") = "ConsoleApp_高價藥櫃_每日自動撥補單建立", "ConsoleApp_高價藥櫃_每日自動撥補單建立\ConsoleApp_高價藥櫃_每日自動撥補單建立.csproj", "{746BA100-B0C8-43E9-A24F-96FFC2AE4C75}"
EndProject
Project("{2150E333-8FDC-42A3-9474-1A3956D46DE8}") = "撥補", "撥補", "{8C266DCD-6A86-4FE7-881B-946B183EBAE1}"
EndProject
Project("{FAE04EC0-301F-11D3-BF4B-00C04F79EFBC}") = "ConsoleApp_少用及易混_每日自動撥補單建立", "ConsoleApp_少用及易混_每日自動撥補單建立\ConsoleApp_少用及易混_每日自動撥補單建立.csproj", "{07268954-53C4-4E01-A5A1-A91A1B848772}"
EndProject
Project("{FAE04EC0-301F-11D3-BF4B-00C04F79EFBC}") = "ConsoleApp_水劑_每日自動撥補單建立", "ConsoleApp_水劑_每日自動撥補單建立\ConsoleApp_水劑_每日自動撥補單建立.csproj", "{998968D6-A68D-46C5-BB27-BB05EBBBE359}"
EndProject
Project("{FAE04EC0-301F-11D3-BF4B-00C04F79EFBC}") = "ConsoleApp_口服藥_每日自動撥補單建立", "ConsoleApp_口服藥_每日自動撥補單建立\ConsoleApp_口服藥_每日自動撥補單建立.csproj", "{2C4AA3B6-A202-4CDA-B991-9DC0076B087B}"
EndProject
Project("{FAE04EC0-301F-11D3-BF4B-00C04F79EFBC}") = "ConsoleApp_針劑_每日自動撥補單建立", "ConsoleApp_針劑_每日自動撥補單建立\ConsoleApp_針劑_每日自動撥補單建立.csproj", "{2911B8D2-C7DD-4AAC-8A4F-B647F2E0CEC8}"
EndProject
Project("{FAE04EC0-301F-11D3-BF4B-00C04F79EFBC}") = "ConsoleApp_外用藥_每日自動撥補單建立", "ConsoleApp_外用藥_每日自動撥補單建立\ConsoleApp_外用藥_每日自動撥補單建立.csproj", "{6C92649D-E039-47D7-A9C1-4568FF4DB24E}"
EndProject
Project("{FAE04EC0-301F-11D3-BF4B-00C04F79EFBC}") = "ConsoleApp_ABC消耗量計算", "ConsoleApp_ABC消耗量計算\ConsoleApp_ABC消耗量計算.csproj", "{71F50D4C-8CCB-4B04-8FDA-7DA6C20C6262}"
EndProject
Global
	GlobalSection(SolutionConfigurationPlatforms) = preSolution
		Debug|Any CPU = Debug|Any CPU
		Release|Any CPU = Release|Any CPU
	EndGlobalSection
	GlobalSection(ProjectConfigurationPlatforms) = postSolution
		{BAB61187-27DE-4337-ADF3-F84019E01A99}.Debug|Any CPU.ActiveCfg = Debug|Any CPU
		{BAB61187-27DE-4337-ADF3-F84019E01A99}.Debug|Any CPU.Build.0 = Debug|Any CPU
		{BAB61187-27DE-4337-ADF3-F84019E01A99}.Release|Any CPU.ActiveCfg = Release|Any CPU
		{BAB61187-27DE-4337-ADF3-F84019E01A99}.Release|Any CPU.Build.0 = Release|Any CPU
		{5353EADD-3B45-4929-B9CA-38FE7165EE39}.Debug|Any CPU.ActiveCfg = Debug|Any CPU
		{5353EADD-3B45-4929-B9CA-38FE7165EE39}.Debug|Any CPU.Build.0 = Debug|Any CPU
		{5353EADD-3B45-4929-B9CA-38FE7165EE39}.Release|Any CPU.ActiveCfg = Release|Any CPU
		{5353EADD-3B45-4929-B9CA-38FE7165EE39}.Release|Any CPU.Build.0 = Release|Any CPU
		{12A660CB-A976-4768-A94B-EF4DC70E177B}.Debug|Any CPU.ActiveCfg = Debug|Any CPU
		{12A660CB-A976-4768-A94B-EF4DC70E177B}.Debug|Any CPU.Build.0 = Debug|Any CPU
		{12A660CB-A976-4768-A94B-EF4DC70E177B}.Release|Any CPU.ActiveCfg = Release|Any CPU
		{12A660CB-A976-4768-A94B-EF4DC70E177B}.Release|Any CPU.Build.0 = Release|Any CPU
		{B8CFB83C-B382-449C-9A73-9BA042C7EA5C}.Debug|Any CPU.ActiveCfg = Debug|Any CPU
		{B8CFB83C-B382-449C-9A73-9BA042C7EA5C}.Debug|Any CPU.Build.0 = Debug|Any CPU
		{B8CFB83C-B382-449C-9A73-9BA042C7EA5C}.Release|Any CPU.ActiveCfg = Release|Any CPU
		{B8CFB83C-B382-449C-9A73-9BA042C7EA5C}.Release|Any CPU.Build.0 = Release|Any CPU
		{73E22838-FF7F-4C31-98CA-A13C2294811B}.Debug|Any CPU.ActiveCfg = Debug|Any CPU
		{73E22838-FF7F-4C31-98CA-A13C2294811B}.Debug|Any CPU.Build.0 = Debug|Any CPU
		{73E22838-FF7F-4C31-98CA-A13C2294811B}.Release|Any CPU.ActiveCfg = Release|Any CPU
		{73E22838-FF7F-4C31-98CA-A13C2294811B}.Release|Any CPU.Build.0 = Release|Any CPU
		{20426473-0782-4134-A9A0-A5B862A616C2}.Debug|Any CPU.ActiveCfg = Debug|Any CPU
		{20426473-0782-4134-A9A0-A5B862A616C2}.Debug|Any CPU.Build.0 = Debug|Any CPU
		{20426473-0782-4134-A9A0-A5B862A616C2}.Release|Any CPU.ActiveCfg = Release|Any CPU
		{20426473-0782-4134-A9A0-A5B862A616C2}.Release|Any CPU.Build.0 = Release|Any CPU
		{77723395-A78A-4A40-A3F6-0E962E67F678}.Debug|Any CPU.ActiveCfg = Debug|Any CPU
		{77723395-A78A-4A40-A3F6-0E962E67F678}.Debug|Any CPU.Build.0 = Debug|Any CPU
		{77723395-A78A-4A40-A3F6-0E962E67F678}.Release|Any CPU.ActiveCfg = Release|Any CPU
		{77723395-A78A-4A40-A3F6-0E962E67F678}.Release|Any CPU.Build.0 = Release|Any CPU
		{70250F11-3339-4151-AAF9-C11D8A98D7B1}.Debug|Any CPU.ActiveCfg = Debug|Any CPU
		{70250F11-3339-4151-AAF9-C11D8A98D7B1}.Debug|Any CPU.Build.0 = Debug|Any CPU
		{70250F11-3339-4151-AAF9-C11D8A98D7B1}.Release|Any CPU.ActiveCfg = Release|Any CPU
		{70250F11-3339-4151-AAF9-C11D8A98D7B1}.Release|Any CPU.Build.0 = Release|Any CPU
		{9EAF23CF-14B4-44B6-9174-8A3AEF89AD77}.Debug|Any CPU.ActiveCfg = Debug|Any CPU
		{9EAF23CF-14B4-44B6-9174-8A3AEF89AD77}.Debug|Any CPU.Build.0 = Debug|Any CPU
		{9EAF23CF-14B4-44B6-9174-8A3AEF89AD77}.Release|Any CPU.ActiveCfg = Release|Any CPU
		{9EAF23CF-14B4-44B6-9174-8A3AEF89AD77}.Release|Any CPU.Build.0 = Release|Any CPU
		{2EFD0EEE-3AC8-4647-A3A8-AE9B47AB30EF}.Debug|Any CPU.ActiveCfg = Debug|Any CPU
		{2EFD0EEE-3AC8-4647-A3A8-AE9B47AB30EF}.Debug|Any CPU.Build.0 = Debug|Any CPU
		{2EFD0EEE-3AC8-4647-A3A8-AE9B47AB30EF}.Release|Any CPU.ActiveCfg = Release|Any CPU
		{2EFD0EEE-3AC8-4647-A3A8-AE9B47AB30EF}.Release|Any CPU.Build.0 = Release|Any CPU
		{FCF3E2C1-05BF-42E4-9E21-8D6A7CE44330}.Debug|Any CPU.ActiveCfg = Debug|Any CPU
		{FCF3E2C1-05BF-42E4-9E21-8D6A7CE44330}.Debug|Any CPU.Build.0 = Debug|Any CPU
		{FCF3E2C1-05BF-42E4-9E21-8D6A7CE44330}.Release|Any CPU.ActiveCfg = Release|Any CPU
		{FCF3E2C1-05BF-42E4-9E21-8D6A7CE44330}.Release|Any CPU.Build.0 = Release|Any CPU
		{D7327A10-D984-4055-8996-EA6A365FB8CB}.Debug|Any CPU.ActiveCfg = Debug|Any CPU
		{D7327A10-D984-4055-8996-EA6A365FB8CB}.Debug|Any CPU.Build.0 = Debug|Any CPU
		{D7327A10-D984-4055-8996-EA6A365FB8CB}.Release|Any CPU.ActiveCfg = Release|Any CPU
		{D7327A10-D984-4055-8996-EA6A365FB8CB}.Release|Any CPU.Build.0 = Release|Any CPU
		{0449EC89-5E4F-4213-82B1-346F74F285E3}.Debug|Any CPU.ActiveCfg = Debug|Any CPU
		{0449EC89-5E4F-4213-82B1-346F74F285E3}.Debug|Any CPU.Build.0 = Debug|Any CPU
		{0449EC89-5E4F-4213-82B1-346F74F285E3}.Release|Any CPU.ActiveCfg = Release|Any CPU
		{0449EC89-5E4F-4213-82B1-346F74F285E3}.Release|Any CPU.Build.0 = Release|Any CPU
		{37B66F7A-4D0A-4432-9762-61EBB2CF19AE}.Debug|Any CPU.ActiveCfg = Debug|Any CPU
		{37B66F7A-4D0A-4432-9762-61EBB2CF19AE}.Debug|Any CPU.Build.0 = Debug|Any CPU
		{37B66F7A-4D0A-4432-9762-61EBB2CF19AE}.Release|Any CPU.ActiveCfg = Release|Any CPU
		{37B66F7A-4D0A-4432-9762-61EBB2CF19AE}.Release|Any CPU.Build.0 = Release|Any CPU
		{3DC30E10-4E3E-4B1C-8BBA-0ABC5F0AB53D}.Debug|Any CPU.ActiveCfg = Debug|Any CPU
		{3DC30E10-4E3E-4B1C-8BBA-0ABC5F0AB53D}.Debug|Any CPU.Build.0 = Debug|Any CPU
		{3DC30E10-4E3E-4B1C-8BBA-0ABC5F0AB53D}.Release|Any CPU.ActiveCfg = Release|Any CPU
		{3DC30E10-4E3E-4B1C-8BBA-0ABC5F0AB53D}.Release|Any CPU.Build.0 = Release|Any CPU
		{746BA100-B0C8-43E9-A24F-96FFC2AE4C75}.Debug|Any CPU.ActiveCfg = Debug|Any CPU
		{746BA100-B0C8-43E9-A24F-96FFC2AE4C75}.Debug|Any CPU.Build.0 = Debug|Any CPU
		{746BA100-B0C8-43E9-A24F-96FFC2AE4C75}.Release|Any CPU.ActiveCfg = Release|Any CPU
		{746BA100-B0C8-43E9-A24F-96FFC2AE4C75}.Release|Any CPU.Build.0 = Release|Any CPU
		{07268954-53C4-4E01-A5A1-A91A1B848772}.Debug|Any CPU.ActiveCfg = Debug|Any CPU
		{07268954-53C4-4E01-A5A1-A91A1B848772}.Debug|Any CPU.Build.0 = Debug|Any CPU
		{07268954-53C4-4E01-A5A1-A91A1B848772}.Release|Any CPU.ActiveCfg = Release|Any CPU
		{07268954-53C4-4E01-A5A1-A91A1B848772}.Release|Any CPU.Build.0 = Release|Any CPU
		{998968D6-A68D-46C5-BB27-BB05EBBBE359}.Debug|Any CPU.ActiveCfg = Debug|Any CPU
		{998968D6-A68D-46C5-BB27-BB05EBBBE359}.Debug|Any CPU.Build.0 = Debug|Any CPU
		{998968D6-A68D-46C5-BB27-BB05EBBBE359}.Release|Any CPU.ActiveCfg = Release|Any CPU
		{998968D6-A68D-46C5-BB27-BB05EBBBE359}.Release|Any CPU.Build.0 = Release|Any CPU
		{2C4AA3B6-A202-4CDA-B991-9DC0076B087B}.Debug|Any CPU.ActiveCfg = Debug|Any CPU
		{2C4AA3B6-A202-4CDA-B991-9DC0076B087B}.Debug|Any CPU.Build.0 = Debug|Any CPU
		{2C4AA3B6-A202-4CDA-B991-9DC0076B087B}.Release|Any CPU.ActiveCfg = Release|Any CPU
		{2C4AA3B6-A202-4CDA-B991-9DC0076B087B}.Release|Any CPU.Build.0 = Release|Any CPU
		{2911B8D2-C7DD-4AAC-8A4F-B647F2E0CEC8}.Debug|Any CPU.ActiveCfg = Debug|Any CPU
		{2911B8D2-C7DD-4AAC-8A4F-B647F2E0CEC8}.Debug|Any CPU.Build.0 = Debug|Any CPU
		{2911B8D2-C7DD-4AAC-8A4F-B647F2E0CEC8}.Release|Any CPU.ActiveCfg = Release|Any CPU
		{2911B8D2-C7DD-4AAC-8A4F-B647F2E0CEC8}.Release|Any CPU.Build.0 = Release|Any CPU
		{6C92649D-E039-47D7-A9C1-4568FF4DB24E}.Debug|Any CPU.ActiveCfg = Debug|Any CPU
		{6C92649D-E039-47D7-A9C1-4568FF4DB24E}.Debug|Any CPU.Build.0 = Debug|Any CPU
		{6C92649D-E039-47D7-A9C1-4568FF4DB24E}.Release|Any CPU.ActiveCfg = Release|Any CPU
		{6C92649D-E039-47D7-A9C1-4568FF4DB24E}.Release|Any CPU.Build.0 = Release|Any CPU
		{71F50D4C-8CCB-4B04-8FDA-7DA6C20C6262}.Debug|Any CPU.ActiveCfg = Debug|Any CPU
		{71F50D4C-8CCB-4B04-8FDA-7DA6C20C6262}.Debug|Any CPU.Build.0 = Debug|Any CPU
		{71F50D4C-8CCB-4B04-8FDA-7DA6C20C6262}.Release|Any CPU.ActiveCfg = Release|Any CPU
		{71F50D4C-8CCB-4B04-8FDA-7DA6C20C6262}.Release|Any CPU.Build.0 = Release|Any CPU
	EndGlobalSection
	GlobalSection(SolutionProperties) = preSolution
		HideSolutionNode = FALSE
	EndGlobalSection
	GlobalSection(NestedProjects) = preSolution
		{73E22838-FF7F-4C31-98CA-A13C2294811B} = {1949A26E-75AD-48A4-9CE3-C0638550DC01}
		{20426473-0782-4134-A9A0-A5B862A616C2} = {1949A26E-75AD-48A4-9CE3-C0638550DC01}
		{77723395-A78A-4A40-A3F6-0E962E67F678} = {1949A26E-75AD-48A4-9CE3-C0638550DC01}
		{70250F11-3339-4151-AAF9-C11D8A98D7B1} = {1949A26E-75AD-48A4-9CE3-C0638550DC01}
		{9EAF23CF-14B4-44B6-9174-8A3AEF89AD77} = {1949A26E-75AD-48A4-9CE3-C0638550DC01}
		{2EFD0EEE-3AC8-4647-A3A8-AE9B47AB30EF} = {1949A26E-75AD-48A4-9CE3-C0638550DC01}
		{FCF3E2C1-05BF-42E4-9E21-8D6A7CE44330} = {1949A26E-75AD-48A4-9CE3-C0638550DC01}
		{D7327A10-D984-4055-8996-EA6A365FB8CB} = {1949A26E-75AD-48A4-9CE3-C0638550DC01}
		{0449EC89-5E4F-4213-82B1-346F74F285E3} = {1949A26E-75AD-48A4-9CE3-C0638550DC01}
		{37B66F7A-4D0A-4432-9762-61EBB2CF19AE} = {8C266DCD-6A86-4FE7-881B-946B183EBAE1}
		{3DC30E10-4E3E-4B1C-8BBA-0ABC5F0AB53D} = {8C266DCD-6A86-4FE7-881B-946B183EBAE1}
		{746BA100-B0C8-43E9-A24F-96FFC2AE4C75} = {8C266DCD-6A86-4FE7-881B-946B183EBAE1}
		{8C266DCD-6A86-4FE7-881B-946B183EBAE1} = {1949A26E-75AD-48A4-9CE3-C0638550DC01}
		{07268954-53C4-4E01-A5A1-A91A1B848772} = {8C266DCD-6A86-4FE7-881B-946B183EBAE1}
		{998968D6-A68D-46C5-BB27-BB05EBBBE359} = {8C266DCD-6A86-4FE7-881B-946B183EBAE1}
		{2C4AA3B6-A202-4CDA-B991-9DC0076B087B} = {8C266DCD-6A86-4FE7-881B-946B183EBAE1}
		{2911B8D2-C7DD-4AAC-8A4F-B647F2E0CEC8} = {8C266DCD-6A86-4FE7-881B-946B183EBAE1}
		{6C92649D-E039-47D7-A9C1-4568FF4DB24E} = {8C266DCD-6A86-4FE7-881B-946B183EBAE1}
		{71F50D4C-8CCB-4B04-8FDA-7DA6C20C6262} = {1949A26E-75AD-48A4-9CE3-C0638550DC01}
	EndGlobalSection
	GlobalSection(ExtensibilityGlobals) = postSolution
		SolutionGuid = {4B921A9E-6909-4DAB-8E4C-5F9D26A5CEDE}
	EndGlobalSection
EndGlobal
